
Microsoft Visual Studio Solution File, Format Version 12.00
# Visual Studio Version 17
VisualStudioVersion = 17.2.32630.192
MinimumVisualStudioVersion = 10.0.40219.1
Project("{2150E333-8FDC-42A3-9474-1A3956D46DE8}") = "Auth", "Auth", "{71C9CF0A-ACBC-4090-BFA3-0CC84B2791D6}"
EndProject
Project("{2150E333-8FDC-42A3-9474-1A3956D46DE8}") = "Candidate", "Candidate", "{2F1FF4C8-B68B-4D09-B85C-131094281A4F}"
EndProject
Project("{2150E333-8FDC-42A3-9474-1A3956D46DE8}") = "Employer", "Employer", "{844C94A3-4769-4038-A564-CD12F31FFB7C}"
EndProject
Project("{9A19103F-16F7-4668-BE54-9A1E7A4F7556}") = "CRM_Auth", "Auth\CRM_Auth\CRM_Auth.csproj", "{AF104625-265F-4AAC-AEFA-B42A803157BA}"
EndProject
Project("{2150E333-8FDC-42A3-9474-1A3956D46DE8}") = "API", "API", "{69B84C2D-2CC3-45FF-BDFC-B9E82EEB7D8F}"
EndProject
Project("{2150E333-8FDC-42A3-9474-1A3956D46DE8}") = "Src", "Src", "{FEBDDC2E-8DB3-4F5F-ADEF-4E64D7EA8DFF}"
EndProject
Project("{9A19103F-16F7-4668-BE54-9A1E7A4F7556}") = "CRM_Auth.Core", "Auth\CRM_Auth.Core\CRM_Auth.Core.csproj", "{8858709B-4AA9-4D2B-9443-8597DF80B4BE}"
EndProject
Project("{9A19103F-16F7-4668-BE54-9A1E7A4F7556}") = "CRM_Auth.DataAccess", "Auth\CRM_Auth.DataAccess\CRM_Auth.DataAccess.csproj", "{1B03BB50-1DD5-4405-9EDA-D1EB0DD6F088}"
EndProject
Project("{2150E333-8FDC-42A3-9474-1A3956D46DE8}") = "API", "API", "{02D69A66-30D6-4520-931D-C3B69AA7F961}"
EndProject
Project("{2150E333-8FDC-42A3-9474-1A3956D46DE8}") = "Src", "Src", "{018A0AA5-3F55-4C0E-B23D-6F44FB56B613}"
EndProject
Project("{2150E333-8FDC-42A3-9474-1A3956D46DE8}") = "API", "API", "{E566321C-4224-4A02-8D3B-D07CBD0E3B64}"
EndProject
Project("{2150E333-8FDC-42A3-9474-1A3956D46DE8}") = "Src", "Src", "{F35B4469-8DC6-4773-8B8F-90527628F5EB}"
EndProject
Project("{9A19103F-16F7-4668-BE54-9A1E7A4F7556}") = "CRM_Candidate", "Candidate\CRM_Candidate\CRM_Candidate.csproj", "{240E380E-AF6B-4B65-AE9C-7D51ADE85764}"
EndProject
Project("{9A19103F-16F7-4668-BE54-9A1E7A4F7556}") = "CRM_Candidate.Core", "Candidate\CRM_Candidate.Core\CRM_Candidate.Core.csproj", "{2D5E7916-9DEB-49E8-8970-EFA0D506A52C}"
EndProject
Project("{9A19103F-16F7-4668-BE54-9A1E7A4F7556}") = "CRM_Candidate.DataAccess", "Candidate\CRM_Candidate.DataAccess\CRM_Candidate.DataAccess.csproj", "{9ACAF217-3BA6-4E57-838F-028B0C0FB43B}"
EndProject
Project("{9A19103F-16F7-4668-BE54-9A1E7A4F7556}") = "CRM_Employer", "Employer\CRM_Employer\CRM_Employer.csproj", "{F8FD0BFA-DEA6-48F7-AF3B-C186F196BAD4}"
EndProject
Project("{9A19103F-16F7-4668-BE54-9A1E7A4F7556}") = "CRM_Employer.Core", "Employer\CRM_Employer.Core\CRM_Employer.Core.csproj", "{6BDC271A-F41E-41D0-A9BA-56CC23F0504E}"
EndProject
Project("{9A19103F-16F7-4668-BE54-9A1E7A4F7556}") = "CRM_Employer.DataAccess", "Employer\CRM_Employer.DataAccess\CRM_Employer.DataAccess.csproj", "{4243950B-983E-4F6D-9D4B-74DB95A13A72}"
EndProject
Project("{2150E333-8FDC-42A3-9474-1A3956D46DE8}") = "Util", "Util", "{EA236810-5565-47E4-8B2F-0A3DEA86EA65}"
EndProject
Project("{9A19103F-16F7-4668-BE54-9A1E7A4F7556}") = "CRM_Core", "Core\CRM_Core\CRM_Core.csproj", "{F327D9A6-1E9E-49EE-BE1F-141FE9C81D8A}"
EndProject
Project("{2150E333-8FDC-42A3-9474-1A3956D46DE8}") = "API_Gateway", "API_Gateway", "{E4F25992-B9BA-4DAB-B9C1-6A588A6DCAF4}"
EndProject
Project("{FAE04EC0-301F-11D3-BF4B-00C04F79EFBC}") = "CRM_Gateway", "API_Gateway\CRM_Gateway\CRM_Gateway.csproj", "{DC2AE6F4-B761-4081-A7B9-1E003D72C248}"
EndProject
Project("{FAE04EC0-301F-11D3-BF4B-00C04F79EFBC}") = "CRM_Gateway_Swagger", "API_Gateway\CRM_Gateway_Swagger\CRM_Gateway_Swagger.csproj", "{AA5B36E0-A776-4F31-BA62-6D90F9B79CF6}"
EndProject
Global
	GlobalSection(SolutionConfigurationPlatforms) = preSolution
		Debug|Any CPU = Debug|Any CPU
		Release|Any CPU = Release|Any CPU
	EndGlobalSection
	GlobalSection(ProjectConfigurationPlatforms) = postSolution
		{AF104625-265F-4AAC-AEFA-B42A803157BA}.Debug|Any CPU.ActiveCfg = Debug|Any CPU
		{AF104625-265F-4AAC-AEFA-B42A803157BA}.Debug|Any CPU.Build.0 = Debug|Any CPU
		{AF104625-265F-4AAC-AEFA-B42A803157BA}.Release|Any CPU.ActiveCfg = Release|Any CPU
		{AF104625-265F-4AAC-AEFA-B42A803157BA}.Release|Any CPU.Build.0 = Release|Any CPU
		{8858709B-4AA9-4D2B-9443-8597DF80B4BE}.Debug|Any CPU.ActiveCfg = Debug|Any CPU
		{8858709B-4AA9-4D2B-9443-8597DF80B4BE}.Debug|Any CPU.Build.0 = Debug|Any CPU
		{8858709B-4AA9-4D2B-9443-8597DF80B4BE}.Release|Any CPU.ActiveCfg = Release|Any CPU
		{8858709B-4AA9-4D2B-9443-8597DF80B4BE}.Release|Any CPU.Build.0 = Release|Any CPU
		{1B03BB50-1DD5-4405-9EDA-D1EB0DD6F088}.Debug|Any CPU.ActiveCfg = Debug|Any CPU
		{1B03BB50-1DD5-4405-9EDA-D1EB0DD6F088}.Debug|Any CPU.Build.0 = Debug|Any CPU
		{1B03BB50-1DD5-4405-9EDA-D1EB0DD6F088}.Release|Any CPU.ActiveCfg = Release|Any CPU
		{1B03BB50-1DD5-4405-9EDA-D1EB0DD6F088}.Release|Any CPU.Build.0 = Release|Any CPU
		{240E380E-AF6B-4B65-AE9C-7D51ADE85764}.Debug|Any CPU.ActiveCfg = Debug|Any CPU
		{240E380E-AF6B-4B65-AE9C-7D51ADE85764}.Debug|Any CPU.Build.0 = Debug|Any CPU
		{240E380E-AF6B-4B65-AE9C-7D51ADE85764}.Release|Any CPU.ActiveCfg = Release|Any CPU
		{240E380E-AF6B-4B65-AE9C-7D51ADE85764}.Release|Any CPU.Build.0 = Release|Any CPU
		{2D5E7916-9DEB-49E8-8970-EFA0D506A52C}.Debug|Any CPU.ActiveCfg = Debug|Any CPU
		{2D5E7916-9DEB-49E8-8970-EFA0D506A52C}.Debug|Any CPU.Build.0 = Debug|Any CPU
		{2D5E7916-9DEB-49E8-8970-EFA0D506A52C}.Release|Any CPU.ActiveCfg = Release|Any CPU
		{2D5E7916-9DEB-49E8-8970-EFA0D506A52C}.Release|Any CPU.Build.0 = Release|Any CPU
		{9ACAF217-3BA6-4E57-838F-028B0C0FB43B}.Debug|Any CPU.ActiveCfg = Debug|Any CPU
		{9ACAF217-3BA6-4E57-838F-028B0C0FB43B}.Debug|Any CPU.Build.0 = Debug|Any CPU
		{9ACAF217-3BA6-4E57-838F-028B0C0FB43B}.Release|Any CPU.ActiveCfg = Release|Any CPU
		{9ACAF217-3BA6-4E57-838F-028B0C0FB43B}.Release|Any CPU.Build.0 = Release|Any CPU
		{F8FD0BFA-DEA6-48F7-AF3B-C186F196BAD4}.Debug|Any CPU.ActiveCfg = Debug|Any CPU
		{F8FD0BFA-DEA6-48F7-AF3B-C186F196BAD4}.Debug|Any CPU.Build.0 = Debug|Any CPU
		{F8FD0BFA-DEA6-48F7-AF3B-C186F196BAD4}.Release|Any CPU.ActiveCfg = Release|Any CPU
		{F8FD0BFA-DEA6-48F7-AF3B-C186F196BAD4}.Release|Any CPU.Build.0 = Release|Any CPU
		{6BDC271A-F41E-41D0-A9BA-56CC23F0504E}.Debug|Any CPU.ActiveCfg = Debug|Any CPU
		{6BDC271A-F41E-41D0-A9BA-56CC23F0504E}.Debug|Any CPU.Build.0 = Debug|Any CPU
		{6BDC271A-F41E-41D0-A9BA-56CC23F0504E}.Release|Any CPU.ActiveCfg = Release|Any CPU
		{6BDC271A-F41E-41D0-A9BA-56CC23F0504E}.Release|Any CPU.Build.0 = Release|Any CPU
		{4243950B-983E-4F6D-9D4B-74DB95A13A72}.Debug|Any CPU.ActiveCfg = Debug|Any CPU
		{4243950B-983E-4F6D-9D4B-74DB95A13A72}.Debug|Any CPU.Build.0 = Debug|Any CPU
		{4243950B-983E-4F6D-9D4B-74DB95A13A72}.Release|Any CPU.ActiveCfg = Release|Any CPU
		{4243950B-983E-4F6D-9D4B-74DB95A13A72}.Release|Any CPU.Build.0 = Release|Any CPU
		{F327D9A6-1E9E-49EE-BE1F-141FE9C81D8A}.Debug|Any CPU.ActiveCfg = Debug|Any CPU
		{F327D9A6-1E9E-49EE-BE1F-141FE9C81D8A}.Debug|Any CPU.Build.0 = Debug|Any CPU
		{F327D9A6-1E9E-49EE-BE1F-141FE9C81D8A}.Release|Any CPU.ActiveCfg = Release|Any CPU
		{F327D9A6-1E9E-49EE-BE1F-141FE9C81D8A}.Release|Any CPU.Build.0 = Release|Any CPU
		{DC2AE6F4-B761-4081-A7B9-1E003D72C248}.Debug|Any CPU.ActiveCfg = Debug|Any CPU
		{DC2AE6F4-B761-4081-A7B9-1E003D72C248}.Debug|Any CPU.Build.0 = Debug|Any CPU
		{DC2AE6F4-B761-4081-A7B9-1E003D72C248}.Release|Any CPU.ActiveCfg = Release|Any CPU
		{DC2AE6F4-B761-4081-A7B9-1E003D72C248}.Release|Any CPU.Build.0 = Release|Any CPU
		{AA5B36E0-A776-4F31-BA62-6D90F9B79CF6}.Debug|Any CPU.ActiveCfg = Debug|Any CPU
		{AA5B36E0-A776-4F31-BA62-6D90F9B79CF6}.Debug|Any CPU.Build.0 = Debug|Any CPU
		{AA5B36E0-A776-4F31-BA62-6D90F9B79CF6}.Release|Any CPU.ActiveCfg = Release|Any CPU
		{AA5B36E0-A776-4F31-BA62-6D90F9B79CF6}.Release|Any CPU.Build.0 = Release|Any CPU
	EndGlobalSection
	GlobalSection(SolutionProperties) = preSolution
		HideSolutionNode = FALSE
	EndGlobalSection
	GlobalSection(NestedProjects) = preSolution
		{AF104625-265F-4AAC-AEFA-B42A803157BA} = {69B84C2D-2CC3-45FF-BDFC-B9E82EEB7D8F}
		{69B84C2D-2CC3-45FF-BDFC-B9E82EEB7D8F} = {71C9CF0A-ACBC-4090-BFA3-0CC84B2791D6}
		{FEBDDC2E-8DB3-4F5F-ADEF-4E64D7EA8DFF} = {71C9CF0A-ACBC-4090-BFA3-0CC84B2791D6}
		{8858709B-4AA9-4D2B-9443-8597DF80B4BE} = {FEBDDC2E-8DB3-4F5F-ADEF-4E64D7EA8DFF}
		{1B03BB50-1DD5-4405-9EDA-D1EB0DD6F088} = {FEBDDC2E-8DB3-4F5F-ADEF-4E64D7EA8DFF}
		{02D69A66-30D6-4520-931D-C3B69AA7F961} = {2F1FF4C8-B68B-4D09-B85C-131094281A4F}
		{018A0AA5-3F55-4C0E-B23D-6F44FB56B613} = {2F1FF4C8-B68B-4D09-B85C-131094281A4F}
		{E566321C-4224-4A02-8D3B-D07CBD0E3B64} = {844C94A3-4769-4038-A564-CD12F31FFB7C}
		{F35B4469-8DC6-4773-8B8F-90527628F5EB} = {844C94A3-4769-4038-A564-CD12F31FFB7C}
		{240E380E-AF6B-4B65-AE9C-7D51ADE85764} = {02D69A66-30D6-4520-931D-C3B69AA7F961}
		{2D5E7916-9DEB-49E8-8970-EFA0D506A52C} = {018A0AA5-3F55-4C0E-B23D-6F44FB56B613}
		{9ACAF217-3BA6-4E57-838F-028B0C0FB43B} = {018A0AA5-3F55-4C0E-B23D-6F44FB56B613}
		{F8FD0BFA-DEA6-48F7-AF3B-C186F196BAD4} = {E566321C-4224-4A02-8D3B-D07CBD0E3B64}
		{6BDC271A-F41E-41D0-A9BA-56CC23F0504E} = {F35B4469-8DC6-4773-8B8F-90527628F5EB}
		{4243950B-983E-4F6D-9D4B-74DB95A13A72} = {F35B4469-8DC6-4773-8B8F-90527628F5EB}
		{F327D9A6-1E9E-49EE-BE1F-141FE9C81D8A} = {EA236810-5565-47E4-8B2F-0A3DEA86EA65}
		{DC2AE6F4-B761-4081-A7B9-1E003D72C248} = {E4F25992-B9BA-4DAB-B9C1-6A588A6DCAF4}
		{AA5B36E0-A776-4F31-BA62-6D90F9B79CF6} = {E4F25992-B9BA-4DAB-B9C1-6A588A6DCAF4}
	EndGlobalSection
	GlobalSection(ExtensibilityGlobals) = postSolution
		SolutionGuid = {106B3FC4-2A21-49DE-B2CF-CD223D3ACC05}
	EndGlobalSection
EndGlobal
